// !$*UTF8*$!
{
	archiveVersion = 1;
	classes = {
	};
	objectVersion = 46;
	objects = {

/* Begin PBXBuildFile section */
		BF45FF26209BAE1D0090C39C /* main.m in Sources */ = {isa = PBXBuildFile; fileRef = BF45FF25209BAE1D0090C39C /* main.m */; };
		BF45FF36209BAE350090C39C /* AdditionQuestion.m in Sources */ = {isa = PBXBuildFile; fileRef = BF45FF2D209BAE350090C39C /* AdditionQuestion.m */; };
		BF45FF37209BAE350090C39C /* DivisionQuestion.m in Sources */ = {isa = PBXBuildFile; fileRef = BF45FF2F209BAE350090C39C /* DivisionQuestion.m */; };
		BF45FF38209BAE350090C39C /* MultipicationQuestion.m in Sources */ = {isa = PBXBuildFile; fileRef = BF45FF31209BAE350090C39C /* MultipicationQuestion.m */; };
		BF45FF39209BAE350090C39C /* Question.m in Sources */ = {isa = PBXBuildFile; fileRef = BF45FF33209BAE350090C39C /* Question.m */; };
		BF45FF3A209BAE350090C39C /* SubtractQuestion.m in Sources */ = {isa = PBXBuildFile; fileRef = BF45FF35209BAE350090C39C /* SubtractQuestion.m */; };
		BF45FF44209BAE610090C39C /* InputHandler.m in Sources */ = {isa = PBXBuildFile; fileRef = BF45FF3D209BAE610090C39C /* InputHandler.m */; };
		BF45FF45209BAE610090C39C /* QuestionFactory.m in Sources */ = {isa = PBXBuildFile; fileRef = BF45FF3F209BAE610090C39C /* QuestionFactory.m */; };
		BF45FF46209BAE610090C39C /* QuestionManager.m in Sources */ = {isa = PBXBuildFile; fileRef = BF45FF41209BAE610090C39C /* QuestionManager.m */; };
		BF45FF47209BAE610090C39C /* ScoreKeeper.m in Sources */ = {isa = PBXBuildFile; fileRef = BF45FF43209BAE610090C39C /* ScoreKeeper.m */; };
/* End PBXBuildFile section */

/* Begin PBXCopyFilesBuildPhase section */
		BF45FF20209BAE1D0090C39C /* CopyFiles */ = {
			isa = PBXCopyFilesBuildPhase;
			buildActionMask = 2147483647;
			dstPath = /usr/share/man/man1/;
			dstSubfolderSpec = 0;
			files = (
			);
			runOnlyForDeploymentPostprocessing = 1;
		};
/* End PBXCopyFilesBuildPhase section */

/* Begin PBXFileReference section */
		BF45FF22209BAE1D0090C39C /* Assignment5 */ = {isa = PBXFileReference; explicitFileType = "compiled.mach-o.executable"; includeInIndex = 0; path = Assignment5; sourceTree = BUILT_PRODUCTS_DIR; };
		BF45FF25209BAE1D0090C39C /* main.m */ = {isa = PBXFileReference; lastKnownFileType = sourcecode.c.objc; path = main.m; sourceTree = "<group>"; };
		BF45FF2C209BAE350090C39C /* AdditionQuestion.h */ = {isa = PBXFileReference; fileEncoding = 4; lastKnownFileType = sourcecode.c.h; path = AdditionQuestion.h; sourceTree = "<group>"; };
		BF45FF2D209BAE350090C39C /* AdditionQuestion.m */ = {isa = PBXFileReference; fileEncoding = 4; lastKnownFileType = sourcecode.c.objc; path = AdditionQuestion.m; sourceTree = "<group>"; };
		BF45FF2E209BAE350090C39C /* DivisionQuestion.h */ = {isa = PBXFileReference; fileEncoding = 4; lastKnownFileType = sourcecode.c.h; path = DivisionQuestion.h; sourceTree = "<group>"; };
		BF45FF2F209BAE350090C39C /* DivisionQuestion.m */ = {isa = PBXFileReference; fileEncoding = 4; lastKnownFileType = sourcecode.c.objc; path = DivisionQuestion.m; sourceTree = "<group>"; };
		BF45FF30209BAE350090C39C /* MultipicationQuestion.h */ = {isa = PBXFileReference; fileEncoding = 4; lastKnownFileType = sourcecode.c.h; path = MultipicationQuestion.h; sourceTree = "<group>"; };
		BF45FF31209BAE350090C39C /* MultipicationQuestion.m */ = {isa = PBXFileReference; fileEncoding = 4; lastKnownFileType = sourcecode.c.objc; path = MultipicationQuestion.m; sourceTree = "<group>"; };
		BF45FF32209BAE350090C39C /* Question.h */ = {isa = PBXFileReference; fileEncoding = 4; lastKnownFileType = sourcecode.c.h; path = Question.h; sourceTree = "<group>"; };
		BF45FF33209BAE350090C39C /* Question.m */ = {isa = PBXFileReference; fileEncoding = 4; lastKnownFileType = sourcecode.c.objc; path = Question.m; sourceTree = "<group>"; };
		BF45FF34209BAE350090C39C /* SubtractQuestion.h */ = {isa = PBXFileReference; fileEncoding = 4; lastKnownFileType = sourcecode.c.h; path = SubtractQuestion.h; sourceTree = "<group>"; };
		BF45FF35209BAE350090C39C /* SubtractQuestion.m */ = {isa = PBXFileReference; fileEncoding = 4; lastKnownFileType = sourcecode.c.objc; path = SubtractQuestion.m; sourceTree = "<group>"; };
		BF45FF3C209BAE610090C39C /* InputHandler.h */ = {isa = PBXFileReference; fileEncoding = 4; lastKnownFileType = sourcecode.c.h; path = InputHandler.h; sourceTree = "<group>"; };
		BF45FF3D209BAE610090C39C /* InputHandler.m */ = {isa = PBXFileReference; fileEncoding = 4; lastKnownFileType = sourcecode.c.objc; path = InputHandler.m; sourceTree = "<group>"; };
		BF45FF3E209BAE610090C39C /* QuestionFactory.h */ = {isa = PBXFileReference; fileEncoding = 4; lastKnownFileType = sourcecode.c.h; path = QuestionFactory.h; sourceTree = "<group>"; };
		BF45FF3F209BAE610090C39C /* QuestionFactory.m */ = {isa = PBXFileReference; fileEncoding = 4; lastKnownFileType = sourcecode.c.objc; path = QuestionFactory.m; sourceTree = "<group>"; };
		BF45FF40209BAE610090C39C /* QuestionManager.h */ = {isa = PBXFileReference; fileEncoding = 4; lastKnownFileType = sourcecode.c.h; path = QuestionManager.h; sourceTree = "<group>"; };
		BF45FF41209BAE610090C39C /* QuestionManager.m */ = {isa = PBXFileReference; fileEncoding = 4; lastKnownFileType = sourcecode.c.objc; path = QuestionManager.m; sourceTree = "<group>"; };
		BF45FF42209BAE610090C39C /* ScoreKeeper.h */ = {isa = PBXFileReference; fileEncoding = 4; lastKnownFileType = sourcecode.c.h; path = ScoreKeeper.h; sourceTree = "<group>"; };
		BF45FF43209BAE610090C39C /* ScoreKeeper.m */ = {isa = PBXFileReference; fileEncoding = 4; lastKnownFileType = sourcecode.c.objc; path = ScoreKeeper.m; sourceTree = "<group>"; };
/* End PBXFileReference section */

/* Begin PBXFrameworksBuildPhase section */
		BF45FF1F209BAE1D0090C39C /* Frameworks */ = {
			isa = PBXFrameworksBuildPhase;
			buildActionMask = 2147483647;
			files = (
			);
			runOnlyForDeploymentPostprocessing = 0;
		};
/* End PBXFrameworksBuildPhase section */

/* Begin PBXGroup section */
		BF45FF19209BAE1D0090C39C = {
			isa = PBXGroup;
			children = (
				BF45FF24209BAE1D0090C39C /* Assignment5 */,
				BF45FF23209BAE1D0090C39C /* Products */,
			);
			sourceTree = "<group>";
		};
		BF45FF23209BAE1D0090C39C /* Products */ = {
			isa = PBXGroup;
			children = (
				BF45FF22209BAE1D0090C39C /* Assignment5 */,
			);
			name = Products;
			sourceTree = "<group>";
		};
		BF45FF24209BAE1D0090C39C /* Assignment5 */ = {
			isa = PBXGroup;
			children = (
				BF45FF48209BAE6A0090C39C /* Util */,
				BF45FF3B209BAE4E0090C39C /* Model */,
				BF45FF25209BAE1D0090C39C /* main.m */,
			);
			path = Assignment5;
			sourceTree = "<group>";
		};
		BF45FF3B209BAE4E0090C39C /* Model */ = {
			isa = PBXGroup;
			children = (
				BF45FF2C209BAE350090C39C /* AdditionQuestion.h */,
				BF45FF2D209BAE350090C39C /* AdditionQuestion.m */,
				BF45FF2E209BAE350090C39C /* DivisionQuestion.h */,
				BF45FF2F209BAE350090C39C /* DivisionQuestion.m */,
				BF45FF30209BAE350090C39C /* MultipicationQuestion.h */,
				BF45FF31209BAE350090C39C /* MultipicationQuestion.m */,
				BF45FF32209BAE350090C39C /* Question.h */,
				BF45FF33209BAE350090C39C /* Question.m */,
				BF45FF34209BAE350090C39C /* SubtractQuestion.h */,
				BF45FF35209BAE350090C39C /* SubtractQuestion.m */,
			);
			name = Model;
			sourceTree = "<group>";
		};
		BF45FF48209BAE6A0090C39C /* Util */ = {
			isa = PBXGroup;
			children = (
				BF45FF3C209BAE610090C39C /* InputHandler.h */,
				BF45FF3D209BAE610090C39C /* InputHandler.m */,
				BF45FF3E209BAE610090C39C /* QuestionFactory.h */,
				BF45FF3F209BAE610090C39C /* QuestionFactory.m */,
				BF45FF40209BAE610090C39C /* QuestionManager.h */,
				BF45FF41209BAE610090C39C /* QuestionManager.m */,
				BF45FF42209BAE610090C39C /* ScoreKeeper.h */,
				BF45FF43209BAE610090C39C /* ScoreKeeper.m */,
			);
			name = Util;
			sourceTree = "<group>";
		};
/* End PBXGroup section */

/* Begin PBXNativeTarget section */
		BF45FF21209BAE1D0090C39C /* Assignment5 */ = {
			isa = PBXNativeTarget;
			buildConfigurationList = BF45FF29209BAE1D0090C39C /* Build configuration list for PBXNativeTarget "Assignment5" */;
			buildPhases = (
				BF45FF1E209BAE1D0090C39C /* Sources */,
				BF45FF1F209BAE1D0090C39C /* Frameworks */,
				BF45FF20209BAE1D0090C39C /* CopyFiles */,
			);
			buildRules = (
			);
			dependencies = (
			);
			name = Assignment5;
			productName = Assignment5;
			productReference = BF45FF22209BAE1D0090C39C /* Assignment5 */;
			productType = "com.apple.product-type.tool";
		};
/* End PBXNativeTarget section */

/* Begin PBXProject section */
		BF45FF1A209BAE1D0090C39C /* Project object */ = {
			isa = PBXProject;
			attributes = {
				LastUpgradeCheck = 0820;
				ORGANIZATIONNAME = Jumpei;
				TargetAttributes = {
					BF45FF21209BAE1D0090C39C = {
						CreatedOnToolsVersion = 8.2.1;
						ProvisioningStyle = Automatic;
					};
				};
			};
			buildConfigurationList = BF45FF1D209BAE1D0090C39C /* Build configuration list for PBXProject "Assignment5" */;
			compatibilityVersion = "Xcode 3.2";
			developmentRegion = English;
			hasScannedForEncodings = 0;
			knownRegions = (
				en,
			);
			mainGroup = BF45FF19209BAE1D0090C39C;
			productRefGroup = BF45FF23209BAE1D0090C39C /* Products */;
			projectDirPath = "";
			projectRoot = "";
			targets = (
				BF45FF21209BAE1D0090C39C /* Assignment5 */,
			);
		};
/* End PBXProject section */

/* Begin PBXSourcesBuildPhase section */
		BF45FF1E209BAE1D0090C39C /* Sources */ = {
			isa = PBXSourcesBuildPhase;
			buildActionMask = 2147483647;
			files = (
				BF45FF47209BAE610090C39C /* ScoreKeeper.m in Sources */,
				BF45FF44209BAE610090C39C /* InputHandler.m in Sources */,
				BF45FF38209BAE350090C39C /* MultipicationQuestion.m in Sources */,
				BF45FF37209BAE350090C39C /* DivisionQuestion.m in Sources */,
				BF45FF39209BAE350090C39C /* Question.m in Sources */,
				BF45FF46209BAE610090C39C /* QuestionManager.m in Sources */,
				BF45FF45209BAE610090C39C /* QuestionFactory.m in Sources */,
				BF45FF26209BAE1D0090C39C /* main.m in Sources */,
				BF45FF36209BAE350090C39C /* AdditionQuestion.m in Sources */,
				BF45FF3A209BAE350090C39C /* SubtractQuestion.m in Sources */,
			);
			runOnlyForDeploymentPostprocessing = 0;
		};
/* End PBXSourcesBuildPhase section */

/* Begin XCBuildConfiguration section */
		BF45FF27209BAE1D0090C39C /* Debug */ = {
			isa = XCBuildConfiguration;
			buildSettings = {
				ALWAYS_SEARCH_USER_PATHS = NO;
				CLANG_ANALYZER_NONNULL = YES;
				CLANG_CXX_LANGUAGE_STANDARD = "gnu++0x";
				CLANG_CXX_LIBRARY = "libc++";
				CLANG_ENABLE_MODULES = YES;
				CLANG_ENABLE_OBJC_ARC = YES;
				CLANG_WARN_BOOL_CONVERSION = YES;
				CLANG_WARN_CONSTANT_CONVERSION = YES;
				CLANG_WARN_DIRECT_OBJC_ISA_USAGE = YES_ERROR;
				CLANG_WARN_DOCUMENTATION_COMMENTS = YES;
				CLANG_WARN_EMPTY_BODY = YES;
				CLANG_WARN_ENUM_CONVERSION = YES;
				CLANG_WARN_INFINITE_RECURSION = YES;
				CLANG_WARN_INT_CONVERSION = YES;
				CLANG_WARN_OBJC_ROOT_CLASS = YES_ERROR;
				CLANG_WARN_SUSPICIOUS_MOVE = YES;
				CLANG_WARN_UNREACHABLE_CODE = YES;
				CLANG_WARN__DUPLICATE_METHOD_MATCH = YES;
				CODE_SIGN_IDENTITY = "-";
				COPY_PHASE_STRIP = NO;
				DEBUG_INFORMATION_FORMAT = dwarf;
				ENABLE_STRICT_OBJC_MSGSEND = YES;
				ENABLE_TESTABILITY = YES;
				GCC_C_LANGUAGE_STANDARD = gnu99;
				GCC_DYNAMIC_NO_PIC = NO;
				GCC_NO_COMMON_BLOCKS = YES;
				GCC_OPTIMIZATION_LEVEL = 0;
				GCC_PREPROCESSOR_DEFINITIONS = (
					"DEBUG=1",
					"$(inherited)",
				);
				GCC_WARN_64_TO_32_BIT_CONVERSION = YES;
				GCC_WARN_ABOUT_RETURN_TYPE = YES_ERROR;
				GCC_WARN_UNDECLARED_SELECTOR = YES;
				GCC_WARN_UNINITIALIZED_AUTOS = YES_AGGRESSIVE;
				GCC_WARN_UNUSED_FUNCTION = YES;
				GCC_WARN_UNUSED_VARIABLE = YES;
				MACOSX_DEPLOYMENT_TARGET = 10.13;
				MTL_ENABLE_DEBUG_INFO = YES;
				ONLY_ACTIVE_ARCH = YES;
				SDKROOT = macosx;
			};
			name = Debug;
		};
		BF45FF28209BAE1D0090C39C /* Release */ = {
			isa = XCBuildConfiguration;
			buildSettings = {
				ALWAYS_SEARCH_USER_PATHS = NO;
				CLANG_ANALYZER_NONNULL = YES;
				CLANG_CXX_LANGUAGE_STANDARD = "gnu++0x";
				CLANG_CXX_LIBRARY = "libc++";
				CLANG_ENABLE_MODULES = YES;
				CLANG_ENABLE_OBJC_ARC = YES;
				CLANG_WARN_BOOL_CONVERSION = YES;
				CLANG_WARN_CONSTANT_CONVERSION = YES;
				CLANG_WARN_DIRECT_OBJC_ISA_USAGE = YES_ERROR;
				CLANG_WARN_DOCUMENTATION_COMMENTS = YES;
				CLANG_WARN_EMPTY_BODY = YES;
				CLANG_WARN_ENUM_CONVERSION = YES;
				CLANG_WARN_INFINITE_RECURSION = YES;
				CLANG_WARN_INT_CONVERSION = YES;
				CLANG_WARN_OBJC_ROOT_CLASS = YES_ERROR;
				CLANG_WARN_SUSPICIOUS_MOVE = YES;
				CLANG_WARN_UNREACHABLE_CODE = YES;
				CLANG_WARN__DUPLICATE_METHOD_MATCH = YES;
				CODE_SIGN_IDENTITY = "-";
				COPY_PHASE_STRIP = NO;
				DEBUG_INFORMATION_FORMAT = "dwarf-with-dsym";
				ENABLE_NS_ASSERTIONS = NO;
				ENABLE_STRICT_OBJC_MSGSEND = YES;
				GCC_C_LANGUAGE_STANDARD = gnu99;
				GCC_NO_COMMON_BLOCKS = YES;
				GCC_WARN_64_TO_32_BIT_CONVERSION = YES;
				GCC_WARN_ABOUT_RETURN_TYPE = YES_ERROR;
				GCC_WARN_UNDECLARED_SELECTOR = YES;
				GCC_WARN_UNINITIALIZED_AUTOS = YES_AGGRESSIVE;
				GCC_WARN_UNUSED_FUNCTION = YES;
				GCC_WARN_UNUSED_VARIABLE = YES;
				MACOSX_DEPLOYMENT_TARGET = 10.13;
				MTL_ENABLE_DEBUG_INFO = NO;
				SDKROOT = macosx;
			};
			name = Release;
		};
		BF45FF2A209BAE1D0090C39C /* Debug */ = {
			isa = XCBuildConfiguration;
			buildSettings = {
				PRODUCT_NAME = "$(TARGET_NAME)";
			};
			name = Debug;
		};
		BF45FF2B209BAE1D0090C39C /* Release */ = {
			isa = XCBuildConfiguration;
			buildSettings = {
				PRODUCT_NAME = "$(TARGET_NAME)";
			};
			name = Release;
		};
/* End XCBuildConfiguration section */

/* Begin XCConfigurationList section */
		BF45FF1D209BAE1D0090C39C /* Build configuration list for PBXProject "Assignment5" */ = {
			isa = XCConfigurationList;
			buildConfigurations = (
				BF45FF27209BAE1D0090C39C /* Debug */,
				BF45FF28209BAE1D0090C39C /* Release */,
			);
			defaultConfigurationIsVisible = 0;
			defaultConfigurationName = Release;
		};
		BF45FF29209BAE1D0090C39C /* Build configuration list for PBXNativeTarget "Assignment5" */ = {
			isa = XCConfigurationList;
			buildConfigurations = (
				BF45FF2A209BAE1D0090C39C /* Debug */,
				BF45FF2B209BAE1D0090C39C /* Release */,
			);
			defaultConfigurationIsVisible = 0;
		};
/* End XCConfigurationList section */
	};
	rootObject = BF45FF1A209BAE1D0090C39C /* Project object */;
}
